
Microsoft Visual Studio Solution File, Format Version 12.00
# Visual Studio Version 17
VisualStudioVersion = 17.1.32113.165
MinimumVisualStudioVersion = 10.0.40219.1
Project("{9A19103F-16F7-4668-BE54-9A1E7A4F7556}") = "BlazorMusicCatalogCourse.Server", "BlazorMusicCatalogCourse.Server\BlazorMusicCatalogCourse.Server.csproj", "{780F0D9E-1DE9-4F3D-8FF6-FF010A4A4BEE}"
EndProject
Project("{9A19103F-16F7-4668-BE54-9A1E7A4F7556}") = "BlazorMusicCatalogCourse.Data", "BlazorMusicCatalogCourse.Data\BlazorMusicCatalogCourse.Data.csproj", "{14C10FE4-8E9A-4F59-8181-93585AA0AFC3}"
EndProject
Project("{9A19103F-16F7-4668-BE54-9A1E7A4F7556}") = "BlazorMusicCatalogCourse.Models", "BlazorMusicCatalogCourse.Models\BlazorMusicCatalogCourse.Models.csproj", "{970930C4-2AD9-438D-AD09-61CBE5912987}"
EndProject
Global
	GlobalSection(SolutionConfigurationPlatforms) = preSolution
		Debug|Any CPU = Debug|Any CPU
		Release|Any CPU = Release|Any CPU
	EndGlobalSection
	GlobalSection(ProjectConfigurationPlatforms) = postSolution
		{780F0D9E-1DE9-4F3D-8FF6-FF010A4A4BEE}.Debug|Any CPU.ActiveCfg = Debug|Any CPU
		{780F0D9E-1DE9-4F3D-8FF6-FF010A4A4BEE}.Debug|Any CPU.Build.0 = Debug|Any CPU
		{780F0D9E-1DE9-4F3D-8FF6-FF010A4A4BEE}.Release|Any CPU.ActiveCfg = Release|Any CPU
		{780F0D9E-1DE9-4F3D-8FF6-FF010A4A4BEE}.Release|Any CPU.Build.0 = Release|Any CPU
		{14C10FE4-8E9A-4F59-8181-93585AA0AFC3}.Debug|Any CPU.ActiveCfg = Debug|Any CPU
		{14C10FE4-8E9A-4F59-8181-93585AA0AFC3}.Debug|Any CPU.Build.0 = Debug|Any CPU
		{14C10FE4-8E9A-4F59-8181-93585AA0AFC3}.Release|Any CPU.ActiveCfg = Release|Any CPU
		{14C10FE4-8E9A-4F59-8181-93585AA0AFC3}.Release|Any CPU.Build.0 = Release|Any CPU
		{970930C4-2AD9-438D-AD09-61CBE5912987}.Debug|Any CPU.ActiveCfg = Debug|Any CPU
		{970930C4-2AD9-438D-AD09-61CBE5912987}.Debug|Any CPU.Build.0 = Debug|Any CPU
		{970930C4-2AD9-438D-AD09-61CBE5912987}.Release|Any CPU.ActiveCfg = Release|Any CPU
		{970930C4-2AD9-438D-AD09-61CBE5912987}.Release|Any CPU.Build.0 = Release|Any CPU
	EndGlobalSection
	GlobalSection(SolutionProperties) = preSolution
		HideSolutionNode = FALSE
	EndGlobalSection
	GlobalSection(ExtensibilityGlobals) = postSolution
		SolutionGuid = {3E2CE694-8435-4885-A77B-8EC974AE8E55}
	EndGlobalSection
EndGlobal
